
Microsoft Visual Studio Solution File, Format Version 12.00
# Visual Studio Version 16
VisualStudioVersion = 16.0.30413.136
MinimumVisualStudioVersion = 10.0.40219.1
Project("{FAE04EC0-301F-11D3-BF4B-00C04F79EFBC}") = "TP-Parking", "TP-Parking\TP-Parking.csproj", "{8DAFB296-CD87-428D-99CB-1605AD4B1A58}"
EndProject
Project("{2150E333-8FDC-42A3-9474-1A3956D46DE8}") = "Solution Items", "Solution Items", "{AD93AEC8-37B1-485D-B689-13407D68944E}"
	ProjectSection(SolutionItems) = preProject
		.editorconfig = .editorconfig
	EndProjectSection
EndProject
Global
	GlobalSection(SolutionConfigurationPlatforms) = preSolution
		Debug|Any CPU = Debug|Any CPU
		Release|Any CPU = Release|Any CPU
	EndGlobalSection
	GlobalSection(ProjectConfigurationPlatforms) = postSolution
		{8DAFB296-CD87-428D-99CB-1605AD4B1A58}.Debug|Any CPU.ActiveCfg = Debug|Any CPU
		{8DAFB296-CD87-428D-99CB-1605AD4B1A58}.Debug|Any CPU.Build.0 = Debug|Any CPU
		{8DAFB296-CD87-428D-99CB-1605AD4B1A58}.Release|Any CPU.ActiveCfg = Release|Any CPU
		{8DAFB296-CD87-428D-99CB-1605AD4B1A58}.Release|Any CPU.Build.0 = Release|Any CPU
	EndGlobalSection
	GlobalSection(SolutionProperties) = preSolution
		HideSolutionNode = FALSE
	EndGlobalSection
	GlobalSection(ExtensibilityGlobals) = postSolution
		SolutionGuid = {0FC46109-A686-43AA-9489-0257A32E5248}
	EndGlobalSection
EndGlobal
